
Microsoft Visual Studio Solution File, Format Version 12.00
# Visual Studio 15
VisualStudioVersion = 15.0.28307.645
MinimumVisualStudioVersion = 10.0.40219.1
Project("{FAE04EC0-301F-11D3-BF4B-00C04F79EFBC}") = "LeilaoOnline", "LeilaoOnline\LeilaoOnline.csproj", "{0D9B8B15-FFA0-44D3-A0CF-A288A72CC4FB}"
EndProject
Project("{FAE04EC0-301F-11D3-BF4B-00C04F79EFBC}") = "LeilaoOnline.Tests", "LeilaoOnline.Tests\LeilaoOnline.Tests.csproj", "{1FB63299-C62D-4946-958F-B63D52F8B62A}"
EndProject
Global
	GlobalSection(SolutionConfigurationPlatforms) = preSolution
		Debug|Any CPU = Debug|Any CPU
		Release|Any CPU = Release|Any CPU
	EndGlobalSection
	GlobalSection(ProjectConfigurationPlatforms) = postSolution
		{0D9B8B15-FFA0-44D3-A0CF-A288A72CC4FB}.Debug|Any CPU.ActiveCfg = Debug|Any CPU
		{0D9B8B15-FFA0-44D3-A0CF-A288A72CC4FB}.Debug|Any CPU.Build.0 = Debug|Any CPU
		{0D9B8B15-FFA0-44D3-A0CF-A288A72CC4FB}.Release|Any CPU.ActiveCfg = Release|Any CPU
		{0D9B8B15-FFA0-44D3-A0CF-A288A72CC4FB}.Release|Any CPU.Build.0 = Release|Any CPU
		{1FB63299-C62D-4946-958F-B63D52F8B62A}.Debug|Any CPU.ActiveCfg = Debug|Any CPU
		{1FB63299-C62D-4946-958F-B63D52F8B62A}.Debug|Any CPU.Build.0 = Debug|Any CPU
		{1FB63299-C62D-4946-958F-B63D52F8B62A}.Release|Any CPU.ActiveCfg = Release|Any CPU
		{1FB63299-C62D-4946-958F-B63D52F8B62A}.Release|Any CPU.Build.0 = Release|Any CPU
	EndGlobalSection
	GlobalSection(SolutionProperties) = preSolution
		HideSolutionNode = FALSE
	EndGlobalSection
	GlobalSection(ExtensibilityGlobals) = postSolution
		SolutionGuid = {47B321DA-A9B6-4CD7-AD6E-5DEDBCA78762}
	EndGlobalSection
EndGlobal
